// !$*UTF8*$!
{
	archiveVersion = 1;
	classes = {
	};
	objectVersion = 46;
	objects = {

/* Begin PBXBuildFile section */
		C303EAE91CCCCF870038F41A /* ImageIO.framework in Frameworks */ = {isa = PBXBuildFile; fileRef = C303EAE81CCCCF870038F41A /* ImageIO.framework */; };
		C303EB0C1CCCE7020038F41A /* cinque1.jpg in Resources */ = {isa = PBXBuildFile; fileRef = C303EB0A1CCCE7020038F41A /* cinque1.jpg */; };
		C303EB0D1CCCE7020038F41A /* cinque2.jpg in Resources */ = {isa = PBXBuildFile; fileRef = C303EB0B1CCCE7020038F41A /* cinque2.jpg */; };
		C361F1DF1CCD6F5000591392 /* el_capitan.jpg in Resources */ = {isa = PBXBuildFile; fileRef = C361F1DE1CCD6F5000591392 /* el_capitan.jpg */; };
		C361F1E11CCDF95800591392 /* DashedBorderShapeLayer.swift in Sources */ = {isa = PBXBuildFile; fileRef = C361F1E01CCDF95800591392 /* DashedBorderShapeLayer.swift */; };
		C361F1E31CCDFDF600591392 /* LayoutUtils.swift in Sources */ = {isa = PBXBuildFile; fileRef = C361F1E21CCDFDF600591392 /* LayoutUtils.swift */; };
		C37336EC1CCD19D100E41E19 /* TripListViewController.swift in Sources */ = {isa = PBXBuildFile; fileRef = C37336EB1CCD19D100E41E19 /* TripListViewController.swift */; };
		C37336EE1CCD1A6F00E41E19 /* TripCell.swift in Sources */ = {isa = PBXBuildFile; fileRef = C37336ED1CCD1A6F00E41E19 /* TripCell.swift */; };
		C37336F01CCD1C5D00E41E19 /* ViewContstants.swift in Sources */ = {isa = PBXBuildFile; fileRef = C37336EF1CCD1C5D00E41E19 /* ViewContstants.swift */; };
		C37EAE531CC9794A003F487D /* TripViewController.swift in Sources */ = {isa = PBXBuildFile; fileRef = C37EAE521CC9794A003F487D /* TripViewController.swift */; };
		C37EAE551CC97E6E003F487D /* DayViewController.swift in Sources */ = {isa = PBXBuildFile; fileRef = C37EAE541CC97E6E003F487D /* DayViewController.swift */; };
		C37EAE571CC97E8A003F487D /* TripPageViewController.swift in Sources */ = {isa = PBXBuildFile; fileRef = C37EAE561CC97E8A003F487D /* TripPageViewController.swift */; };
		C38F2B571CD0B2B000B0EAE1 /* AsyncUtils.swift in Sources */ = {isa = PBXBuildFile; fileRef = C38F2B561CD0B2B000B0EAE1 /* AsyncUtils.swift */; };
		C38F2B591CD0B6CF00B0EAE1 /* Photos.framework in Frameworks */ = {isa = PBXBuildFile; fileRef = C38F2B581CD0B6CF00B0EAE1 /* Photos.framework */; };
		C38F2B5B1CD0B6D600B0EAE1 /* CoreLocation.framework in Frameworks */ = {isa = PBXBuildFile; fileRef = C38F2B5A1CD0B6D600B0EAE1 /* CoreLocation.framework */; };
		C38F2B5D1CD0B88E00B0EAE1 /* OneShotLocationManager.swift in Sources */ = {isa = PBXBuildFile; fileRef = C38F2B5C1CD0B88E00B0EAE1 /* OneShotLocationManager.swift */; };
		C39BA0971CC6CAD200A4D3EB /* AppDelegate.swift in Sources */ = {isa = PBXBuildFile; fileRef = C39BA0961CC6CAD200A4D3EB /* AppDelegate.swift */; };
		C39BA0A21CC6CAD200A4D3EB /* Assets.xcassets in Resources */ = {isa = PBXBuildFile; fileRef = C39BA0A11CC6CAD200A4D3EB /* Assets.xcassets */; };
		C39BA0A51CC6CAD200A4D3EB /* LaunchScreen.storyboard in Resources */ = {isa = PBXBuildFile; fileRef = C39BA0A31CC6CAD200A4D3EB /* LaunchScreen.storyboard */; };
		C39BA0AD1CC6CD3400A4D3EB /* MapKit.framework in Frameworks */ = {isa = PBXBuildFile; fileRef = C39BA0AC1CC6CD3400A4D3EB /* MapKit.framework */; };
		C39BA0C21CC81ECF00A4D3EB /* Model.swift in Sources */ = {isa = PBXBuildFile; fileRef = C39BA0C11CC81ECE00A4D3EB /* Model.swift */; };
		C39BA0C51CC81FB700A4D3EB /* DayView.swift in Sources */ = {isa = PBXBuildFile; fileRef = C39BA0C41CC81FB700A4D3EB /* DayView.swift */; };
		C39BA0D51CC8219E00A4D3EB /* UIColor.swift in Sources */ = {isa = PBXBuildFile; fileRef = C39BA0D41CC8219E00A4D3EB /* UIColor.swift */; };
		C39BA0D71CC8227100A4D3EB /* TripView.swift in Sources */ = {isa = PBXBuildFile; fileRef = C39BA0D61CC8227100A4D3EB /* TripView.swift */; };
		C39BA0D91CC823FA00A4D3EB /* TripStore.swift in Sources */ = {isa = PBXBuildFile; fileRef = C39BA0D81CC823FA00A4D3EB /* TripStore.swift */; };
		C39BA0E11CC82D7A00A4D3EB /* StoryTests.swift in Sources */ = {isa = PBXBuildFile; fileRef = C39BA0E01CC82D7A00A4D3EB /* StoryTests.swift */; };
		C39BA0EE1CC8335D00A4D3EB /* ImageStore.swift in Sources */ = {isa = PBXBuildFile; fileRef = C39BA0ED1CC8335D00A4D3EB /* ImageStore.swift */; };
		C3CE79AD1CCEA9E2005B03E9 /* ModelSerizalizer.swift in Sources */ = {isa = PBXBuildFile; fileRef = C3CE79AC1CCEA9E1005B03E9 /* ModelSerizalizer.swift */; };
		C3CE79AF1CCEAB41005B03E9 /* DayStore.swift in Sources */ = {isa = PBXBuildFile; fileRef = C3CE79AE1CCEAB41005B03E9 /* DayStore.swift */; };
		C3E09E811CD21F34007E4D50 /* ImageViewController.swift in Sources */ = {isa = PBXBuildFile; fileRef = C3E09E801CD21F34007E4D50 /* ImageViewController.swift */; };
		C3E09ECE1CD26CB5007E4D50 /* MapViewController.swift in Sources */ = {isa = PBXBuildFile; fileRef = C3E09ECD1CD26CB5007E4D50 /* MapViewController.swift */; };
		C3E6F9571CCFE5C9004996EC /* ImagePickerView.swift in Sources */ = {isa = PBXBuildFile; fileRef = C3E6F9561CCFE5C9004996EC /* ImagePickerView.swift */; };
/* End PBXBuildFile section */

/* Begin PBXContainerItemProxy section */
		C39BA0E31CC82D7A00A4D3EB /* PBXContainerItemProxy */ = {
			isa = PBXContainerItemProxy;
			containerPortal = C39BA08B1CC6CAD200A4D3EB /* Project object */;
			proxyType = 1;
			remoteGlobalIDString = C39BA0921CC6CAD200A4D3EB;
			remoteInfo = Story;
		};
/* End PBXContainerItemProxy section */

/* Begin PBXFileReference section */
		C303EAE81CCCCF870038F41A /* ImageIO.framework */ = {isa = PBXFileReference; lastKnownFileType = wrapper.framework; name = ImageIO.framework; path = System/Library/Frameworks/ImageIO.framework; sourceTree = SDKROOT; };
		C303EB0A1CCCE7020038F41A /* cinque1.jpg */ = {isa = PBXFileReference; lastKnownFileType = image.jpeg; path = cinque1.jpg; sourceTree = "<group>"; };
		C303EB0B1CCCE7020038F41A /* cinque2.jpg */ = {isa = PBXFileReference; lastKnownFileType = image.jpeg; path = cinque2.jpg; sourceTree = "<group>"; };
		C361F1DE1CCD6F5000591392 /* el_capitan.jpg */ = {isa = PBXFileReference; lastKnownFileType = image.jpeg; path = el_capitan.jpg; sourceTree = "<group>"; };
		C361F1E01CCDF95800591392 /* DashedBorderShapeLayer.swift */ = {isa = PBXFileReference; fileEncoding = 4; lastKnownFileType = sourcecode.swift; path = DashedBorderShapeLayer.swift; sourceTree = "<group>"; };
		C361F1E21CCDFDF600591392 /* LayoutUtils.swift */ = {isa = PBXFileReference; fileEncoding = 4; lastKnownFileType = sourcecode.swift; path = LayoutUtils.swift; sourceTree = "<group>"; };
		C37336EB1CCD19D100E41E19 /* TripListViewController.swift */ = {isa = PBXFileReference; fileEncoding = 4; lastKnownFileType = sourcecode.swift; path = TripListViewController.swift; sourceTree = "<group>"; };
		C37336ED1CCD1A6F00E41E19 /* TripCell.swift */ = {isa = PBXFileReference; fileEncoding = 4; lastKnownFileType = sourcecode.swift; path = TripCell.swift; sourceTree = "<group>"; };
		C37336EF1CCD1C5D00E41E19 /* ViewContstants.swift */ = {isa = PBXFileReference; fileEncoding = 4; lastKnownFileType = sourcecode.swift; path = ViewContstants.swift; sourceTree = "<group>"; };
		C37EAE521CC9794A003F487D /* TripViewController.swift */ = {isa = PBXFileReference; fileEncoding = 4; lastKnownFileType = sourcecode.swift; path = TripViewController.swift; sourceTree = "<group>"; };
		C37EAE541CC97E6E003F487D /* DayViewController.swift */ = {isa = PBXFileReference; fileEncoding = 4; lastKnownFileType = sourcecode.swift; path = DayViewController.swift; sourceTree = "<group>"; };
		C37EAE561CC97E8A003F487D /* TripPageViewController.swift */ = {isa = PBXFileReference; fileEncoding = 4; lastKnownFileType = sourcecode.swift; path = TripPageViewController.swift; sourceTree = "<group>"; };
		C38F2B561CD0B2B000B0EAE1 /* AsyncUtils.swift */ = {isa = PBXFileReference; fileEncoding = 4; lastKnownFileType = sourcecode.swift; path = AsyncUtils.swift; sourceTree = "<group>"; };
		C38F2B581CD0B6CF00B0EAE1 /* Photos.framework */ = {isa = PBXFileReference; lastKnownFileType = wrapper.framework; name = Photos.framework; path = System/Library/Frameworks/Photos.framework; sourceTree = SDKROOT; };
		C38F2B5A1CD0B6D600B0EAE1 /* CoreLocation.framework */ = {isa = PBXFileReference; lastKnownFileType = wrapper.framework; name = CoreLocation.framework; path = System/Library/Frameworks/CoreLocation.framework; sourceTree = SDKROOT; };
		C38F2B5C1CD0B88E00B0EAE1 /* OneShotLocationManager.swift */ = {isa = PBXFileReference; fileEncoding = 4; lastKnownFileType = sourcecode.swift; path = OneShotLocationManager.swift; sourceTree = "<group>"; };
		C39BA0931CC6CAD200A4D3EB /* Story.app */ = {isa = PBXFileReference; explicitFileType = wrapper.application; includeInIndex = 0; path = Story.app; sourceTree = BUILT_PRODUCTS_DIR; };
		C39BA0961CC6CAD200A4D3EB /* AppDelegate.swift */ = {isa = PBXFileReference; lastKnownFileType = sourcecode.swift; path = AppDelegate.swift; sourceTree = "<group>"; };
		C39BA0A11CC6CAD200A4D3EB /* Assets.xcassets */ = {isa = PBXFileReference; lastKnownFileType = folder.assetcatalog; path = Assets.xcassets; sourceTree = "<group>"; };
		C39BA0A41CC6CAD200A4D3EB /* Base */ = {isa = PBXFileReference; lastKnownFileType = file.storyboard; name = Base; path = Base.lproj/LaunchScreen.storyboard; sourceTree = "<group>"; };
		C39BA0A61CC6CAD200A4D3EB /* Info.plist */ = {isa = PBXFileReference; lastKnownFileType = text.plist.xml; path = Info.plist; sourceTree = "<group>"; };
		C39BA0AC1CC6CD3400A4D3EB /* MapKit.framework */ = {isa = PBXFileReference; lastKnownFileType = wrapper.framework; name = MapKit.framework; path = System/Library/Frameworks/MapKit.framework; sourceTree = SDKROOT; };
		C39BA0C11CC81ECE00A4D3EB /* Model.swift */ = {isa = PBXFileReference; fileEncoding = 4; lastKnownFileType = sourcecode.swift; path = Model.swift; sourceTree = "<group>"; };
		C39BA0C41CC81FB700A4D3EB /* DayView.swift */ = {isa = PBXFileReference; fileEncoding = 4; lastKnownFileType = sourcecode.swift; path = DayView.swift; sourceTree = "<group>"; };
		C39BA0D41CC8219E00A4D3EB /* UIColor.swift */ = {isa = PBXFileReference; fileEncoding = 4; lastKnownFileType = sourcecode.swift; path = UIColor.swift; sourceTree = "<group>"; };
		C39BA0D61CC8227100A4D3EB /* TripView.swift */ = {isa = PBXFileReference; fileEncoding = 4; lastKnownFileType = sourcecode.swift; path = TripView.swift; sourceTree = "<group>"; };
		C39BA0D81CC823FA00A4D3EB /* TripStore.swift */ = {isa = PBXFileReference; fileEncoding = 4; lastKnownFileType = sourcecode.swift; path = TripStore.swift; sourceTree = "<group>"; };
		C39BA0DE1CC82D7A00A4D3EB /* StoryTests.xctest */ = {isa = PBXFileReference; explicitFileType = wrapper.cfbundle; includeInIndex = 0; path = StoryTests.xctest; sourceTree = BUILT_PRODUCTS_DIR; };
		C39BA0E01CC82D7A00A4D3EB /* StoryTests.swift */ = {isa = PBXFileReference; lastKnownFileType = sourcecode.swift; path = StoryTests.swift; sourceTree = "<group>"; };
		C39BA0E21CC82D7A00A4D3EB /* Info.plist */ = {isa = PBXFileReference; lastKnownFileType = text.plist.xml; path = Info.plist; sourceTree = "<group>"; };
		C39BA0ED1CC8335D00A4D3EB /* ImageStore.swift */ = {isa = PBXFileReference; fileEncoding = 4; lastKnownFileType = sourcecode.swift; path = ImageStore.swift; sourceTree = "<group>"; };
		C3CE79AC1CCEA9E1005B03E9 /* ModelSerizalizer.swift */ = {isa = PBXFileReference; fileEncoding = 4; lastKnownFileType = sourcecode.swift; path = ModelSerizalizer.swift; sourceTree = "<group>"; };
		C3CE79AE1CCEAB41005B03E9 /* DayStore.swift */ = {isa = PBXFileReference; fileEncoding = 4; lastKnownFileType = sourcecode.swift; path = DayStore.swift; sourceTree = "<group>"; };
		C3E09E801CD21F34007E4D50 /* ImageViewController.swift */ = {isa = PBXFileReference; fileEncoding = 4; lastKnownFileType = sourcecode.swift; path = ImageViewController.swift; sourceTree = "<group>"; };
		C3E09ECD1CD26CB5007E4D50 /* MapViewController.swift */ = {isa = PBXFileReference; fileEncoding = 4; lastKnownFileType = sourcecode.swift; path = MapViewController.swift; sourceTree = "<group>"; };
		C3E6F9561CCFE5C9004996EC /* ImagePickerView.swift */ = {isa = PBXFileReference; fileEncoding = 4; lastKnownFileType = sourcecode.swift; path = ImagePickerView.swift; sourceTree = "<group>"; };
/* End PBXFileReference section */

/* Begin PBXFrameworksBuildPhase section */
		C39BA0901CC6CAD200A4D3EB /* Frameworks */ = {
			isa = PBXFrameworksBuildPhase;
			buildActionMask = 2147483647;
			files = (
				C38F2B5B1CD0B6D600B0EAE1 /* CoreLocation.framework in Frameworks */,
				C38F2B591CD0B6CF00B0EAE1 /* Photos.framework in Frameworks */,
				C303EAE91CCCCF870038F41A /* ImageIO.framework in Frameworks */,
				C39BA0AD1CC6CD3400A4D3EB /* MapKit.framework in Frameworks */,
			);
			runOnlyForDeploymentPostprocessing = 0;
		};
		C39BA0DB1CC82D7A00A4D3EB /* Frameworks */ = {
			isa = PBXFrameworksBuildPhase;
			buildActionMask = 2147483647;
			files = (
			);
			runOnlyForDeploymentPostprocessing = 0;
		};
/* End PBXFrameworksBuildPhase section */

/* Begin PBXGroup section */
		C37EAE511CC9791F003F487D /* Controller */ = {
			isa = PBXGroup;
			children = (
				C37EAE521CC9794A003F487D /* TripViewController.swift */,
				C37EAE541CC97E6E003F487D /* DayViewController.swift */,
				C37EAE561CC97E8A003F487D /* TripPageViewController.swift */,
				C37336EB1CCD19D100E41E19 /* TripListViewController.swift */,
				C3E09E801CD21F34007E4D50 /* ImageViewController.swift */,
				C3E09ECD1CD26CB5007E4D50 /* MapViewController.swift */,
			);
			name = Controller;
			sourceTree = "<group>";
		};
		C39BA08A1CC6CAD200A4D3EB = {
			isa = PBXGroup;
			children = (
				C38F2B5A1CD0B6D600B0EAE1 /* CoreLocation.framework */,
				C38F2B581CD0B6CF00B0EAE1 /* Photos.framework */,
				C303EAE81CCCCF870038F41A /* ImageIO.framework */,
				C39BA0AC1CC6CD3400A4D3EB /* MapKit.framework */,
				C39BA0951CC6CAD200A4D3EB /* Story */,
				C39BA0DF1CC82D7A00A4D3EB /* StoryTests */,
				C39BA0941CC6CAD200A4D3EB /* Products */,
			);
			sourceTree = "<group>";
		};
		C39BA0941CC6CAD200A4D3EB /* Products */ = {
			isa = PBXGroup;
			children = (
				C39BA0931CC6CAD200A4D3EB /* Story.app */,
				C39BA0DE1CC82D7A00A4D3EB /* StoryTests.xctest */,
			);
			name = Products;
			sourceTree = "<group>";
		};
		C39BA0951CC6CAD200A4D3EB /* Story */ = {
			isa = PBXGroup;
			children = (
				C37EAE511CC9791F003F487D /* Controller */,
				C39BA0D31CC8219400A4D3EB /* Utils */,
				C39BA0C31CC81FA400A4D3EB /* View */,
				C39BA0C01CC81EB900A4D3EB /* Model */,
				C39BA0961CC6CAD200A4D3EB /* AppDelegate.swift */,
				C39BA0A11CC6CAD200A4D3EB /* Assets.xcassets */,
				C361F1DE1CCD6F5000591392 /* el_capitan.jpg */,
				C303EB0A1CCCE7020038F41A /* cinque1.jpg */,
				C303EB0B1CCCE7020038F41A /* cinque2.jpg */,
				C39BA0A31CC6CAD200A4D3EB /* LaunchScreen.storyboard */,
				C39BA0A61CC6CAD200A4D3EB /* Info.plist */,
			);
			path = Story;
			sourceTree = "<group>";
		};
		C39BA0C01CC81EB900A4D3EB /* Model */ = {
			isa = PBXGroup;
			children = (
				C38F2B5C1CD0B88E00B0EAE1 /* OneShotLocationManager.swift */,
				C39BA0C11CC81ECE00A4D3EB /* Model.swift */,
				C39BA0D81CC823FA00A4D3EB /* TripStore.swift */,
				C39BA0ED1CC8335D00A4D3EB /* ImageStore.swift */,
				C3CE79AC1CCEA9E1005B03E9 /* ModelSerizalizer.swift */,
				C3CE79AE1CCEAB41005B03E9 /* DayStore.swift */,
			);
			name = Model;
			sourceTree = "<group>";
		};
		C39BA0C31CC81FA400A4D3EB /* View */ = {
			isa = PBXGroup;
			children = (
				C39BA0C41CC81FB700A4D3EB /* DayView.swift */,
				C39BA0D61CC8227100A4D3EB /* TripView.swift */,
				C37336ED1CCD1A6F00E41E19 /* TripCell.swift */,
				C37336EF1CCD1C5D00E41E19 /* ViewContstants.swift */,
				C361F1E01CCDF95800591392 /* DashedBorderShapeLayer.swift */,
				C3E6F9561CCFE5C9004996EC /* ImagePickerView.swift */,
			);
			name = View;
			sourceTree = "<group>";
		};
		C39BA0D31CC8219400A4D3EB /* Utils */ = {
			isa = PBXGroup;
			children = (
				C39BA0D41CC8219E00A4D3EB /* UIColor.swift */,
				C361F1E21CCDFDF600591392 /* LayoutUtils.swift */,
				C38F2B561CD0B2B000B0EAE1 /* AsyncUtils.swift */,
			);
			name = Utils;
			sourceTree = "<group>";
		};
		C39BA0DF1CC82D7A00A4D3EB /* StoryTests */ = {
			isa = PBXGroup;
			children = (
				C39BA0E01CC82D7A00A4D3EB /* StoryTests.swift */,
				C39BA0E21CC82D7A00A4D3EB /* Info.plist */,
			);
			path = StoryTests;
			sourceTree = "<group>";
		};
/* End PBXGroup section */

/* Begin PBXNativeTarget section */
		C39BA0921CC6CAD200A4D3EB /* Story */ = {
			isa = PBXNativeTarget;
			buildConfigurationList = C39BA0A91CC6CAD200A4D3EB /* Build configuration list for PBXNativeTarget "Story" */;
			buildPhases = (
				C39BA08F1CC6CAD200A4D3EB /* Sources */,
				C39BA0901CC6CAD200A4D3EB /* Frameworks */,
				C39BA0911CC6CAD200A4D3EB /* Resources */,
			);
			buildRules = (
			);
			dependencies = (
			);
			name = Story;
			productName = Story;
			productReference = C39BA0931CC6CAD200A4D3EB /* Story.app */;
			productType = "com.apple.product-type.application";
		};
		C39BA0DD1CC82D7A00A4D3EB /* StoryTests */ = {
			isa = PBXNativeTarget;
			buildConfigurationList = C39BA0E51CC82D7A00A4D3EB /* Build configuration list for PBXNativeTarget "StoryTests" */;
			buildPhases = (
				C39BA0DA1CC82D7A00A4D3EB /* Sources */,
				C39BA0DB1CC82D7A00A4D3EB /* Frameworks */,
				C39BA0DC1CC82D7A00A4D3EB /* Resources */,
			);
			buildRules = (
			);
			dependencies = (
				C39BA0E41CC82D7A00A4D3EB /* PBXTargetDependency */,
			);
			name = StoryTests;
			productName = StoryTests;
			productReference = C39BA0DE1CC82D7A00A4D3EB /* StoryTests.xctest */;
			productType = "com.apple.product-type.bundle.unit-test";
		};
/* End PBXNativeTarget section */

/* Begin PBXProject section */
		C39BA08B1CC6CAD200A4D3EB /* Project object */ = {
			isa = PBXProject;
			attributes = {
				LastSwiftUpdateCheck = 0730;
				LastUpgradeCheck = 0730;
				TargetAttributes = {
					C39BA0921CC6CAD200A4D3EB = {
						CreatedOnToolsVersion = 7.3;
						DevelopmentTeam = BEBDXV5R79;
						SystemCapabilities = {
							com.apple.Maps.iOS = {
								enabled = 1;
							};
						};
					};
					C39BA0DD1CC82D7A00A4D3EB = {
						CreatedOnToolsVersion = 7.3;
						TestTargetID = C39BA0921CC6CAD200A4D3EB;
					};
				};
			};
			buildConfigurationList = C39BA08E1CC6CAD200A4D3EB /* Build configuration list for PBXProject "Story" */;
			compatibilityVersion = "Xcode 3.2";
			developmentRegion = English;
			hasScannedForEncodings = 0;
			knownRegions = (
				en,
				Base,
			);
			mainGroup = C39BA08A1CC6CAD200A4D3EB;
			productRefGroup = C39BA0941CC6CAD200A4D3EB /* Products */;
			projectDirPath = "";
			projectRoot = "";
			targets = (
				C39BA0921CC6CAD200A4D3EB /* Story */,
				C39BA0DD1CC82D7A00A4D3EB /* StoryTests */,
			);
		};
/* End PBXProject section */

/* Begin PBXResourcesBuildPhase section */
		C39BA0911CC6CAD200A4D3EB /* Resources */ = {
			isa = PBXResourcesBuildPhase;
			buildActionMask = 2147483647;
			files = (
				C303EB0C1CCCE7020038F41A /* cinque1.jpg in Resources */,
				C303EB0D1CCCE7020038F41A /* cinque2.jpg in Resources */,
				C361F1DF1CCD6F5000591392 /* el_capitan.jpg in Resources */,
				C39BA0A51CC6CAD200A4D3EB /* LaunchScreen.storyboard in Resources */,
				C39BA0A21CC6CAD200A4D3EB /* Assets.xcassets in Resources */,
			);
			runOnlyForDeploymentPostprocessing = 0;
		};
		C39BA0DC1CC82D7A00A4D3EB /* Resources */ = {
			isa = PBXResourcesBuildPhase;
			buildActionMask = 2147483647;
			files = (
			);
			runOnlyForDeploymentPostprocessing = 0;
		};
/* End PBXResourcesBuildPhase section */

/* Begin PBXSourcesBuildPhase section */
		C39BA08F1CC6CAD200A4D3EB /* Sources */ = {
			isa = PBXSourcesBuildPhase;
			buildActionMask = 2147483647;
			files = (
				C39BA0D51CC8219E00A4D3EB /* UIColor.swift in Sources */,
				C3CE79AF1CCEAB41005B03E9 /* DayStore.swift in Sources */,
				C39BA0C51CC81FB700A4D3EB /* DayView.swift in Sources */,
				C37EAE571CC97E8A003F487D /* TripPageViewController.swift in Sources */,
				C3E6F9571CCFE5C9004996EC /* ImagePickerView.swift in Sources */,
				C39BA0EE1CC8335D00A4D3EB /* ImageStore.swift in Sources */,
				C361F1E11CCDF95800591392 /* DashedBorderShapeLayer.swift in Sources */,
				C37336EE1CCD1A6F00E41E19 /* TripCell.swift in Sources */,
				C3CE79AD1CCEA9E2005B03E9 /* ModelSerizalizer.swift in Sources */,
				C37336EC1CCD19D100E41E19 /* TripListViewController.swift in Sources */,
				C3E09E811CD21F34007E4D50 /* ImageViewController.swift in Sources */,
				C3E09ECE1CD26CB5007E4D50 /* MapViewController.swift in Sources */,
				C361F1E31CCDFDF600591392 /* LayoutUtils.swift in Sources */,
				C39BA0D71CC8227100A4D3EB /* TripView.swift in Sources */,
				C39BA0D91CC823FA00A4D3EB /* TripStore.swift in Sources */,
				C37336F01CCD1C5D00E41E19 /* ViewContstants.swift in Sources */,
				C37EAE531CC9794A003F487D /* TripViewController.swift in Sources */,
				C39BA0C21CC81ECF00A4D3EB /* Model.swift in Sources */,
				C39BA0971CC6CAD200A4D3EB /* AppDelegate.swift in Sources */,
				C37EAE551CC97E6E003F487D /* DayViewController.swift in Sources */,
				C38F2B571CD0B2B000B0EAE1 /* AsyncUtils.swift in Sources */,
				C38F2B5D1CD0B88E00B0EAE1 /* OneShotLocationManager.swift in Sources */,
			);
			runOnlyForDeploymentPostprocessing = 0;
		};
		C39BA0DA1CC82D7A00A4D3EB /* Sources */ = {
			isa = PBXSourcesBuildPhase;
			buildActionMask = 2147483647;
			files = (
				C39BA0E11CC82D7A00A4D3EB /* StoryTests.swift in Sources */,
			);
			runOnlyForDeploymentPostprocessing = 0;
		};
/* End PBXSourcesBuildPhase section */

/* Begin PBXTargetDependency section */
		C39BA0E41CC82D7A00A4D3EB /* PBXTargetDependency */ = {
			isa = PBXTargetDependency;
			target = C39BA0921CC6CAD200A4D3EB /* Story */;
			targetProxy = C39BA0E31CC82D7A00A4D3EB /* PBXContainerItemProxy */;
		};
/* End PBXTargetDependency section */

/* Begin PBXVariantGroup section */
		C39BA0A31CC6CAD200A4D3EB /* LaunchScreen.storyboard */ = {
			isa = PBXVariantGroup;
			children = (
				C39BA0A41CC6CAD200A4D3EB /* Base */,
			);
			name = LaunchScreen.storyboard;
			sourceTree = "<group>";
		};
/* End PBXVariantGroup section */

/* Begin XCBuildConfiguration section */
		C39BA0A71CC6CAD200A4D3EB /* Debug */ = {
			isa = XCBuildConfiguration;
			buildSettings = {
				ALWAYS_SEARCH_USER_PATHS = NO;
				CLANG_ANALYZER_NONNULL = YES;
				CLANG_CXX_LANGUAGE_STANDARD = "gnu++0x";
				CLANG_CXX_LIBRARY = "libc++";
				CLANG_ENABLE_MODULES = YES;
				CLANG_ENABLE_OBJC_ARC = YES;
				CLANG_WARN_BOOL_CONVERSION = YES;
				CLANG_WARN_CONSTANT_CONVERSION = YES;
				CLANG_WARN_DIRECT_OBJC_ISA_USAGE = YES_ERROR;
				CLANG_WARN_EMPTY_BODY = YES;
				CLANG_WARN_ENUM_CONVERSION = YES;
				CLANG_WARN_INT_CONVERSION = YES;
				CLANG_WARN_OBJC_ROOT_CLASS = YES_ERROR;
				CLANG_WARN_UNREACHABLE_CODE = YES;
				CLANG_WARN__DUPLICATE_METHOD_MATCH = YES;
				"CODE_SIGN_IDENTITY[sdk=iphoneos*]" = "iPhone Developer";
				COPY_PHASE_STRIP = NO;
				DEBUG_INFORMATION_FORMAT = dwarf;
				ENABLE_STRICT_OBJC_MSGSEND = YES;
				ENABLE_TESTABILITY = YES;
				GCC_C_LANGUAGE_STANDARD = gnu99;
				GCC_DYNAMIC_NO_PIC = NO;
				GCC_NO_COMMON_BLOCKS = YES;
				GCC_OPTIMIZATION_LEVEL = 0;
				GCC_PREPROCESSOR_DEFINITIONS = (
					"DEBUG=1",
					"$(inherited)",
				);
				GCC_WARN_64_TO_32_BIT_CONVERSION = YES;
				GCC_WARN_ABOUT_RETURN_TYPE = YES_ERROR;
				GCC_WARN_UNDECLARED_SELECTOR = YES;
				GCC_WARN_UNINITIALIZED_AUTOS = YES_AGGRESSIVE;
				GCC_WARN_UNUSED_FUNCTION = YES;
				GCC_WARN_UNUSED_VARIABLE = YES;
				IPHONEOS_DEPLOYMENT_TARGET = 9.3;
				MTL_ENABLE_DEBUG_INFO = YES;
				ONLY_ACTIVE_ARCH = YES;
				SDKROOT = iphoneos;
				SWIFT_OPTIMIZATION_LEVEL = "-Onone";
				TARGETED_DEVICE_FAMILY = "1,2";
			};
			name = Debug;
		};
		C39BA0A81CC6CAD200A4D3EB /* Release */ = {
			isa = XCBuildConfiguration;
			buildSettings = {
				ALWAYS_SEARCH_USER_PATHS = NO;
				CLANG_ANALYZER_NONNULL = YES;
				CLANG_CXX_LANGUAGE_STANDARD = "gnu++0x";
				CLANG_CXX_LIBRARY = "libc++";
				CLANG_ENABLE_MODULES = YES;
				CLANG_ENABLE_OBJC_ARC = YES;
				CLANG_WARN_BOOL_CONVERSION = YES;
				CLANG_WARN_CONSTANT_CONVERSION = YES;
				CLANG_WARN_DIRECT_OBJC_ISA_USAGE = YES_ERROR;
				CLANG_WARN_EMPTY_BODY = YES;
				CLANG_WARN_ENUM_CONVERSION = YES;
				CLANG_WARN_INT_CONVERSION = YES;
				CLANG_WARN_OBJC_ROOT_CLASS = YES_ERROR;
				CLANG_WARN_UNREACHABLE_CODE = YES;
				CLANG_WARN__DUPLICATE_METHOD_MATCH = YES;
				"CODE_SIGN_IDENTITY[sdk=iphoneos*]" = "iPhone Developer";
				COPY_PHASE_STRIP = NO;
				DEBUG_INFORMATION_FORMAT = "dwarf-with-dsym";
				ENABLE_NS_ASSERTIONS = NO;
				ENABLE_STRICT_OBJC_MSGSEND = YES;
				GCC_C_LANGUAGE_STANDARD = gnu99;
				GCC_NO_COMMON_BLOCKS = YES;
				GCC_WARN_64_TO_32_BIT_CONVERSION = YES;
				GCC_WARN_ABOUT_RETURN_TYPE = YES_ERROR;
				GCC_WARN_UNDECLARED_SELECTOR = YES;
				GCC_WARN_UNINITIALIZED_AUTOS = YES_AGGRESSIVE;
				GCC_WARN_UNUSED_FUNCTION = YES;
				GCC_WARN_UNUSED_VARIABLE = YES;
				IPHONEOS_DEPLOYMENT_TARGET = 9.3;
				MTL_ENABLE_DEBUG_INFO = NO;
				SDKROOT = iphoneos;
				TARGETED_DEVICE_FAMILY = "1,2";
				VALIDATE_PRODUCT = YES;
			};
			name = Release;
		};
		C39BA0AA1CC6CAD200A4D3EB /* Debug */ = {
			isa = XCBuildConfiguration;
			buildSettings = {
				ASSETCATALOG_COMPILER_APPICON_NAME = AppIcon;
				CODE_SIGN_IDENTITY = "iPhone Developer";
				"CODE_SIGN_IDENTITY[sdk=iphoneos*]" = "iPhone Developer";
				INFOPLIST_FILE = Story/Info.plist;
				LD_RUNPATH_SEARCH_PATHS = "$(inherited) @executable_path/Frameworks";
				PRODUCT_BUNDLE_IDENTIFIER = seyer.simon.Story;
				PRODUCT_NAME = "$(TARGET_NAME)";
				PROVISIONING_PROFILE = "";
			};
			name = Debug;
		};
		C39BA0AB1CC6CAD200A4D3EB /* Release */ = {
			isa = XCBuildConfiguration;
			buildSettings = {
				ASSETCATALOG_COMPILER_APPICON_NAME = AppIcon;
				CODE_SIGN_IDENTITY = "iPhone Developer";
				"CODE_SIGN_IDENTITY[sdk=iphoneos*]" = "iPhone Developer";
				INFOPLIST_FILE = Story/Info.plist;
				LD_RUNPATH_SEARCH_PATHS = "$(inherited) @executable_path/Frameworks";
				PRODUCT_BUNDLE_IDENTIFIER = seyer.simon.Story;
				PRODUCT_NAME = "$(TARGET_NAME)";
				PROVISIONING_PROFILE = "";
			};
			name = Release;
		};
		C39BA0E61CC82D7A00A4D3EB /* Debug */ = {
			isa = XCBuildConfiguration;
			buildSettings = {
				BUNDLE_LOADER = "$(TEST_HOST)";
				INFOPLIST_FILE = StoryTests/Info.plist;
				LD_RUNPATH_SEARCH_PATHS = "$(inherited) @executable_path/Frameworks @loader_path/Frameworks";
				PRODUCT_BUNDLE_IDENTIFIER = seyer.simon.StoryTests;
				PRODUCT_NAME = "$(TARGET_NAME)";
				TEST_HOST = "$(BUILT_PRODUCTS_DIR)/Story.app/Story";
			};
			name = Debug;
		};
		C39BA0E71CC82D7A00A4D3EB /* Release */ = {
			isa = XCBuildConfiguration;
			buildSettings = {
				BUNDLE_LOADER = "$(TEST_HOST)";
				INFOPLIST_FILE = StoryTests/Info.plist;
				LD_RUNPATH_SEARCH_PATHS = "$(inherited) @executable_path/Frameworks @loader_path/Frameworks";
				PRODUCT_BUNDLE_IDENTIFIER = seyer.simon.StoryTests;
				PRODUCT_NAME = "$(TARGET_NAME)";
				TEST_HOST = "$(BUILT_PRODUCTS_DIR)/Story.app/Story";
			};
			name = Release;
		};
/* End XCBuildConfiguration section */

/* Begin XCConfigurationList section */
		C39BA08E1CC6CAD200A4D3EB /* Build configuration list for PBXProject "Story" */ = {
			isa = XCConfigurationList;
			buildConfigurations = (
				C39BA0A71CC6CAD200A4D3EB /* Debug */,
				C39BA0A81CC6CAD200A4D3EB /* Release */,
			);
			defaultConfigurationIsVisible = 0;
			defaultConfigurationName = Release;
		};
		C39BA0A91CC6CAD200A4D3EB /* Build configuration list for PBXNativeTarget "Story" */ = {
			isa = XCConfigurationList;
			buildConfigurations = (
				C39BA0AA1CC6CAD200A4D3EB /* Debug */,
				C39BA0AB1CC6CAD200A4D3EB /* Release */,
			);
			defaultConfigurationIsVisible = 0;
			defaultConfigurationName = Release;
		};
		C39BA0E51CC82D7A00A4D3EB /* Build configuration list for PBXNativeTarget "StoryTests" */ = {
			isa = XCConfigurationList;
			buildConfigurations = (
				C39BA0E61CC82D7A00A4D3EB /* Debug */,
				C39BA0E71CC82D7A00A4D3EB /* Release */,
			);
			defaultConfigurationIsVisible = 0;
			defaultConfigurationName = Release;
		};
/* End XCConfigurationList section */
	};
	rootObject = C39BA08B1CC6CAD200A4D3EB /* Project object */;
}
